
Microsoft Visual Studio Solution File, Format Version 12.00
# Visual Studio 2013
VisualStudioVersion = 12.0.40629.0
MinimumVisualStudioVersion = 10.0.40219.1
Project("{FAE04EC0-301F-11D3-BF4B-00C04F79EFBC}") = "OdeToFoodMVC5", "OdeToFoodMVC5\OdeToFoodMVC5.csproj", "{F7F3A1EE-A14F-4F59-82B5-F91417879603}"
EndProject
Project("{FAE04EC0-301F-11D3-BF4B-00C04F79EFBC}") = "OdeToFoodMVC5.Tests", "OdeToFoodMVC5.Tests\OdeToFoodMVC5.Tests.csproj", "{AE958E1A-D064-4673-8136-3456D6A51672}"
EndProject
Global
	GlobalSection(SolutionConfigurationPlatforms) = preSolution
		Debug|Any CPU = Debug|Any CPU
		Release|Any CPU = Release|Any CPU
	EndGlobalSection
	GlobalSection(ProjectConfigurationPlatforms) = postSolution
		{F7F3A1EE-A14F-4F59-82B5-F91417879603}.Debug|Any CPU.ActiveCfg = Debug|Any CPU
		{F7F3A1EE-A14F-4F59-82B5-F91417879603}.Debug|Any CPU.Build.0 = Debug|Any CPU
		{F7F3A1EE-A14F-4F59-82B5-F91417879603}.Release|Any CPU.ActiveCfg = Release|Any CPU
		{F7F3A1EE-A14F-4F59-82B5-F91417879603}.Release|Any CPU.Build.0 = Release|Any CPU
		{AE958E1A-D064-4673-8136-3456D6A51672}.Debug|Any CPU.ActiveCfg = Debug|Any CPU
		{AE958E1A-D064-4673-8136-3456D6A51672}.Debug|Any CPU.Build.0 = Debug|Any CPU
		{AE958E1A-D064-4673-8136-3456D6A51672}.Release|Any CPU.ActiveCfg = Release|Any CPU
		{AE958E1A-D064-4673-8136-3456D6A51672}.Release|Any CPU.Build.0 = Release|Any CPU
	EndGlobalSection
	GlobalSection(SolutionProperties) = preSolution
		HideSolutionNode = FALSE
	EndGlobalSection
EndGlobal
